
Microsoft Visual Studio Solution File, Format Version 12.00
# Visual Studio Version 17
VisualStudioVersion = 17.3.32804.467
MinimumVisualStudioVersion = 10.0.40219.1
Project("{FAE04EC0-301F-11D3-BF4B-00C04F79EFBC}") = "WCFOrders", "WCFOrders.csproj", "{74F64AE9-7E82-45F3-B4B6-B5DC00F66C1A}"
EndProject
Project("{9A19103F-16F7-4668-BE54-9A1E7A4F7556}") = "OrdersRestAPI", "..\OrdersRestAPI\OrdersRestAPI.csproj", "{D64971E9-D13A-4205-8126-280108D23B04}"
EndProject
Project("{FAE04EC0-301F-11D3-BF4B-00C04F79EFBC}") = "AppMobileOrders.UWP", "..\AppMobileOrders\AppMobileOrders.UWP\AppMobileOrders.UWP.csproj", "{CF21B804-4A63-44F2-83CB-24FD191672D2}"
EndProject
Project("{FAE04EC0-301F-11D3-BF4B-00C04F79EFBC}") = "AppMobileOrders.Android", "..\AppMobileOrders\AppMobileOrders.Android\AppMobileOrders.Android.csproj", "{E2E25C9D-F6DF-4DE7-9A30-408FDB936EB1}"
EndProject
Project("{FAE04EC0-301F-11D3-BF4B-00C04F79EFBC}") = "AppMobileOrders.iOS", "..\AppMobileOrders\AppMobileOrders.iOS\AppMobileOrders.iOS.csproj", "{CE9D2800-C616-4266-BB47-7ACA4FE4B9D5}"
EndProject
Project("{FAE04EC0-301F-11D3-BF4B-00C04F79EFBC}") = "AppMobileOrders", "..\AppMobileOrders\AppMobileOrders\AppMobileOrders.csproj", "{8ECEC08C-2E37-4957-A395-47FF0FC67062}"
EndProject
Global
	GlobalSection(SolutionConfigurationPlatforms) = preSolution
		Debug|Any CPU = Debug|Any CPU
		Debug|ARM = Debug|ARM
		Debug|iPhone = Debug|iPhone
		Debug|iPhoneSimulator = Debug|iPhoneSimulator
		Debug|x64 = Debug|x64
		Debug|x86 = Debug|x86
		Release|Any CPU = Release|Any CPU
		Release|ARM = Release|ARM
		Release|iPhone = Release|iPhone
		Release|iPhoneSimulator = Release|iPhoneSimulator
		Release|x64 = Release|x64
		Release|x86 = Release|x86
	EndGlobalSection
	GlobalSection(ProjectConfigurationPlatforms) = postSolution
		{74F64AE9-7E82-45F3-B4B6-B5DC00F66C1A}.Debug|Any CPU.ActiveCfg = Debug|Any CPU
		{74F64AE9-7E82-45F3-B4B6-B5DC00F66C1A}.Debug|Any CPU.Build.0 = Debug|Any CPU
		{74F64AE9-7E82-45F3-B4B6-B5DC00F66C1A}.Debug|ARM.ActiveCfg = Debug|Any CPU
		{74F64AE9-7E82-45F3-B4B6-B5DC00F66C1A}.Debug|ARM.Build.0 = Debug|Any CPU
		{74F64AE9-7E82-45F3-B4B6-B5DC00F66C1A}.Debug|iPhone.ActiveCfg = Debug|Any CPU
		{74F64AE9-7E82-45F3-B4B6-B5DC00F66C1A}.Debug|iPhone.Build.0 = Debug|Any CPU
		{74F64AE9-7E82-45F3-B4B6-B5DC00F66C1A}.Debug|iPhoneSimulator.ActiveCfg = Debug|Any CPU
		{74F64AE9-7E82-45F3-B4B6-B5DC00F66C1A}.Debug|iPhoneSimulator.Build.0 = Debug|Any CPU
		{74F64AE9-7E82-45F3-B4B6-B5DC00F66C1A}.Debug|x64.ActiveCfg = Debug|Any CPU
		{74F64AE9-7E82-45F3-B4B6-B5DC00F66C1A}.Debug|x64.Build.0 = Debug|Any CPU
		{74F64AE9-7E82-45F3-B4B6-B5DC00F66C1A}.Debug|x86.ActiveCfg = Debug|Any CPU
		{74F64AE9-7E82-45F3-B4B6-B5DC00F66C1A}.Debug|x86.Build.0 = Debug|Any CPU
		{74F64AE9-7E82-45F3-B4B6-B5DC00F66C1A}.Release|Any CPU.ActiveCfg = Release|Any CPU
		{74F64AE9-7E82-45F3-B4B6-B5DC00F66C1A}.Release|Any CPU.Build.0 = Release|Any CPU
		{74F64AE9-7E82-45F3-B4B6-B5DC00F66C1A}.Release|ARM.ActiveCfg = Release|Any CPU
		{74F64AE9-7E82-45F3-B4B6-B5DC00F66C1A}.Release|ARM.Build.0 = Release|Any CPU
		{74F64AE9-7E82-45F3-B4B6-B5DC00F66C1A}.Release|iPhone.ActiveCfg = Release|Any CPU
		{74F64AE9-7E82-45F3-B4B6-B5DC00F66C1A}.Release|iPhone.Build.0 = Release|Any CPU
		{74F64AE9-7E82-45F3-B4B6-B5DC00F66C1A}.Release|iPhoneSimulator.ActiveCfg = Release|Any CPU
		{74F64AE9-7E82-45F3-B4B6-B5DC00F66C1A}.Release|iPhoneSimulator.Build.0 = Release|Any CPU
		{74F64AE9-7E82-45F3-B4B6-B5DC00F66C1A}.Release|x64.ActiveCfg = Release|Any CPU
		{74F64AE9-7E82-45F3-B4B6-B5DC00F66C1A}.Release|x64.Build.0 = Release|Any CPU
		{74F64AE9-7E82-45F3-B4B6-B5DC00F66C1A}.Release|x86.ActiveCfg = Release|Any CPU
		{74F64AE9-7E82-45F3-B4B6-B5DC00F66C1A}.Release|x86.Build.0 = Release|Any CPU
		{D64971E9-D13A-4205-8126-280108D23B04}.Debug|Any CPU.ActiveCfg = Debug|Any CPU
		{D64971E9-D13A-4205-8126-280108D23B04}.Debug|Any CPU.Build.0 = Debug|Any CPU
		{D64971E9-D13A-4205-8126-280108D23B04}.Debug|ARM.ActiveCfg = Debug|Any CPU
		{D64971E9-D13A-4205-8126-280108D23B04}.Debug|ARM.Build.0 = Debug|Any CPU
		{D64971E9-D13A-4205-8126-280108D23B04}.Debug|iPhone.ActiveCfg = Debug|Any CPU
		{D64971E9-D13A-4205-8126-280108D23B04}.Debug|iPhone.Build.0 = Debug|Any CPU
		{D64971E9-D13A-4205-8126-280108D23B04}.Debug|iPhoneSimulator.ActiveCfg = Debug|Any CPU
		{D64971E9-D13A-4205-8126-280108D23B04}.Debug|iPhoneSimulator.Build.0 = Debug|Any CPU
		{D64971E9-D13A-4205-8126-280108D23B04}.Debug|x64.ActiveCfg = Debug|Any CPU
		{D64971E9-D13A-4205-8126-280108D23B04}.Debug|x64.Build.0 = Debug|Any CPU
		{D64971E9-D13A-4205-8126-280108D23B04}.Debug|x86.ActiveCfg = Debug|Any CPU
		{D64971E9-D13A-4205-8126-280108D23B04}.Debug|x86.Build.0 = Debug|Any CPU
		{D64971E9-D13A-4205-8126-280108D23B04}.Release|Any CPU.ActiveCfg = Release|Any CPU
		{D64971E9-D13A-4205-8126-280108D23B04}.Release|Any CPU.Build.0 = Release|Any CPU
		{D64971E9-D13A-4205-8126-280108D23B04}.Release|ARM.ActiveCfg = Release|Any CPU
		{D64971E9-D13A-4205-8126-280108D23B04}.Release|ARM.Build.0 = Release|Any CPU
		{D64971E9-D13A-4205-8126-280108D23B04}.Release|iPhone.ActiveCfg = Release|Any CPU
		{D64971E9-D13A-4205-8126-280108D23B04}.Release|iPhone.Build.0 = Release|Any CPU
		{D64971E9-D13A-4205-8126-280108D23B04}.Release|iPhoneSimulator.ActiveCfg = Release|Any CPU
		{D64971E9-D13A-4205-8126-280108D23B04}.Release|iPhoneSimulator.Build.0 = Release|Any CPU
		{D64971E9-D13A-4205-8126-280108D23B04}.Release|x64.ActiveCfg = Release|Any CPU
		{D64971E9-D13A-4205-8126-280108D23B04}.Release|x64.Build.0 = Release|Any CPU
		{D64971E9-D13A-4205-8126-280108D23B04}.Release|x86.ActiveCfg = Release|Any CPU
		{D64971E9-D13A-4205-8126-280108D23B04}.Release|x86.Build.0 = Release|Any CPU
		{CF21B804-4A63-44F2-83CB-24FD191672D2}.Debug|Any CPU.ActiveCfg = Debug|x64
		{CF21B804-4A63-44F2-83CB-24FD191672D2}.Debug|Any CPU.Build.0 = Debug|x64
		{CF21B804-4A63-44F2-83CB-24FD191672D2}.Debug|Any CPU.Deploy.0 = Debug|x64
		{CF21B804-4A63-44F2-83CB-24FD191672D2}.Debug|ARM.ActiveCfg = Debug|ARM
		{CF21B804-4A63-44F2-83CB-24FD191672D2}.Debug|ARM.Build.0 = Debug|ARM
		{CF21B804-4A63-44F2-83CB-24FD191672D2}.Debug|ARM.Deploy.0 = Debug|ARM
		{CF21B804-4A63-44F2-83CB-24FD191672D2}.Debug|iPhone.ActiveCfg = Debug|x64
		{CF21B804-4A63-44F2-83CB-24FD191672D2}.Debug|iPhone.Build.0 = Debug|x64
		{CF21B804-4A63-44F2-83CB-24FD191672D2}.Debug|iPhone.Deploy.0 = Debug|x64
		{CF21B804-4A63-44F2-83CB-24FD191672D2}.Debug|iPhoneSimulator.ActiveCfg = Debug|x64
		{CF21B804-4A63-44F2-83CB-24FD191672D2}.Debug|iPhoneSimulator.Build.0 = Debug|x64
		{CF21B804-4A63-44F2-83CB-24FD191672D2}.Debug|iPhoneSimulator.Deploy.0 = Debug|x64
		{CF21B804-4A63-44F2-83CB-24FD191672D2}.Debug|x64.ActiveCfg = Debug|x64
		{CF21B804-4A63-44F2-83CB-24FD191672D2}.Debug|x64.Build.0 = Debug|x64
		{CF21B804-4A63-44F2-83CB-24FD191672D2}.Debug|x64.Deploy.0 = Debug|x64
		{CF21B804-4A63-44F2-83CB-24FD191672D2}.Debug|x86.ActiveCfg = Debug|x86
		{CF21B804-4A63-44F2-83CB-24FD191672D2}.Debug|x86.Build.0 = Debug|x86
		{CF21B804-4A63-44F2-83CB-24FD191672D2}.Debug|x86.Deploy.0 = Debug|x86
		{CF21B804-4A63-44F2-83CB-24FD191672D2}.Release|Any CPU.ActiveCfg = Release|x64
		{CF21B804-4A63-44F2-83CB-24FD191672D2}.Release|Any CPU.Build.0 = Release|x64
		{CF21B804-4A63-44F2-83CB-24FD191672D2}.Release|Any CPU.Deploy.0 = Release|x64
		{CF21B804-4A63-44F2-83CB-24FD191672D2}.Release|ARM.ActiveCfg = Release|ARM
		{CF21B804-4A63-44F2-83CB-24FD191672D2}.Release|ARM.Build.0 = Release|ARM
		{CF21B804-4A63-44F2-83CB-24FD191672D2}.Release|ARM.Deploy.0 = Release|ARM
		{CF21B804-4A63-44F2-83CB-24FD191672D2}.Release|iPhone.ActiveCfg = Release|x64
		{CF21B804-4A63-44F2-83CB-24FD191672D2}.Release|iPhone.Build.0 = Release|x64
		{CF21B804-4A63-44F2-83CB-24FD191672D2}.Release|iPhone.Deploy.0 = Release|x64
		{CF21B804-4A63-44F2-83CB-24FD191672D2}.Release|iPhoneSimulator.ActiveCfg = Release|x64
		{CF21B804-4A63-44F2-83CB-24FD191672D2}.Release|iPhoneSimulator.Build.0 = Release|x64
		{CF21B804-4A63-44F2-83CB-24FD191672D2}.Release|iPhoneSimulator.Deploy.0 = Release|x64
		{CF21B804-4A63-44F2-83CB-24FD191672D2}.Release|x64.ActiveCfg = Release|x64
		{CF21B804-4A63-44F2-83CB-24FD191672D2}.Release|x64.Build.0 = Release|x64
		{CF21B804-4A63-44F2-83CB-24FD191672D2}.Release|x64.Deploy.0 = Release|x64
		{CF21B804-4A63-44F2-83CB-24FD191672D2}.Release|x86.ActiveCfg = Release|x86
		{CF21B804-4A63-44F2-83CB-24FD191672D2}.Release|x86.Build.0 = Release|x86
		{CF21B804-4A63-44F2-83CB-24FD191672D2}.Release|x86.Deploy.0 = Release|x86
		{E2E25C9D-F6DF-4DE7-9A30-408FDB936EB1}.Debug|Any CPU.ActiveCfg = Debug|Any CPU
		{E2E25C9D-F6DF-4DE7-9A30-408FDB936EB1}.Debug|Any CPU.Build.0 = Debug|Any CPU
		{E2E25C9D-F6DF-4DE7-9A30-408FDB936EB1}.Debug|Any CPU.Deploy.0 = Debug|Any CPU
		{E2E25C9D-F6DF-4DE7-9A30-408FDB936EB1}.Debug|ARM.ActiveCfg = Debug|Any CPU
		{E2E25C9D-F6DF-4DE7-9A30-408FDB936EB1}.Debug|ARM.Build.0 = Debug|Any CPU
		{E2E25C9D-F6DF-4DE7-9A30-408FDB936EB1}.Debug|ARM.Deploy.0 = Debug|Any CPU
		{E2E25C9D-F6DF-4DE7-9A30-408FDB936EB1}.Debug|iPhone.ActiveCfg = Debug|Any CPU
		{E2E25C9D-F6DF-4DE7-9A30-408FDB936EB1}.Debug|iPhone.Build.0 = Debug|Any CPU
		{E2E25C9D-F6DF-4DE7-9A30-408FDB936EB1}.Debug|iPhone.Deploy.0 = Debug|Any CPU
		{E2E25C9D-F6DF-4DE7-9A30-408FDB936EB1}.Debug|iPhoneSimulator.ActiveCfg = Debug|Any CPU
		{E2E25C9D-F6DF-4DE7-9A30-408FDB936EB1}.Debug|iPhoneSimulator.Build.0 = Debug|Any CPU
		{E2E25C9D-F6DF-4DE7-9A30-408FDB936EB1}.Debug|iPhoneSimulator.Deploy.0 = Debug|Any CPU
		{E2E25C9D-F6DF-4DE7-9A30-408FDB936EB1}.Debug|x64.ActiveCfg = Debug|Any CPU
		{E2E25C9D-F6DF-4DE7-9A30-408FDB936EB1}.Debug|x64.Build.0 = Debug|Any CPU
		{E2E25C9D-F6DF-4DE7-9A30-408FDB936EB1}.Debug|x64.Deploy.0 = Debug|Any CPU
		{E2E25C9D-F6DF-4DE7-9A30-408FDB936EB1}.Debug|x86.ActiveCfg = Debug|Any CPU
		{E2E25C9D-F6DF-4DE7-9A30-408FDB936EB1}.Debug|x86.Build.0 = Debug|Any CPU
		{E2E25C9D-F6DF-4DE7-9A30-408FDB936EB1}.Debug|x86.Deploy.0 = Debug|Any CPU
		{E2E25C9D-F6DF-4DE7-9A30-408FDB936EB1}.Release|Any CPU.ActiveCfg = Release|Any CPU
		{E2E25C9D-F6DF-4DE7-9A30-408FDB936EB1}.Release|Any CPU.Build.0 = Release|Any CPU
		{E2E25C9D-F6DF-4DE7-9A30-408FDB936EB1}.Release|Any CPU.Deploy.0 = Release|Any CPU
		{E2E25C9D-F6DF-4DE7-9A30-408FDB936EB1}.Release|ARM.ActiveCfg = Release|Any CPU
		{E2E25C9D-F6DF-4DE7-9A30-408FDB936EB1}.Release|ARM.Build.0 = Release|Any CPU
		{E2E25C9D-F6DF-4DE7-9A30-408FDB936EB1}.Release|ARM.Deploy.0 = Release|Any CPU
		{E2E25C9D-F6DF-4DE7-9A30-408FDB936EB1}.Release|iPhone.ActiveCfg = Release|Any CPU
		{E2E25C9D-F6DF-4DE7-9A30-408FDB936EB1}.Release|iPhone.Build.0 = Release|Any CPU
		{E2E25C9D-F6DF-4DE7-9A30-408FDB936EB1}.Release|iPhone.Deploy.0 = Release|Any CPU
		{E2E25C9D-F6DF-4DE7-9A30-408FDB936EB1}.Release|iPhoneSimulator.ActiveCfg = Release|Any CPU
		{E2E25C9D-F6DF-4DE7-9A30-408FDB936EB1}.Release|iPhoneSimulator.Build.0 = Release|Any CPU
		{E2E25C9D-F6DF-4DE7-9A30-408FDB936EB1}.Release|iPhoneSimulator.Deploy.0 = Release|Any CPU
		{E2E25C9D-F6DF-4DE7-9A30-408FDB936EB1}.Release|x64.ActiveCfg = Release|Any CPU
		{E2E25C9D-F6DF-4DE7-9A30-408FDB936EB1}.Release|x64.Build.0 = Release|Any CPU
		{E2E25C9D-F6DF-4DE7-9A30-408FDB936EB1}.Release|x64.Deploy.0 = Release|Any CPU
		{E2E25C9D-F6DF-4DE7-9A30-408FDB936EB1}.Release|x86.ActiveCfg = Release|Any CPU
		{E2E25C9D-F6DF-4DE7-9A30-408FDB936EB1}.Release|x86.Build.0 = Release|Any CPU
		{E2E25C9D-F6DF-4DE7-9A30-408FDB936EB1}.Release|x86.Deploy.0 = Release|Any CPU
		{CE9D2800-C616-4266-BB47-7ACA4FE4B9D5}.Debug|Any CPU.ActiveCfg = Debug|iPhoneSimulator
		{CE9D2800-C616-4266-BB47-7ACA4FE4B9D5}.Debug|Any CPU.Build.0 = Debug|iPhoneSimulator
		{CE9D2800-C616-4266-BB47-7ACA4FE4B9D5}.Debug|ARM.ActiveCfg = Debug|iPhoneSimulator
		{CE9D2800-C616-4266-BB47-7ACA4FE4B9D5}.Debug|ARM.Build.0 = Debug|iPhoneSimulator
		{CE9D2800-C616-4266-BB47-7ACA4FE4B9D5}.Debug|iPhone.ActiveCfg = Debug|iPhone
		{CE9D2800-C616-4266-BB47-7ACA4FE4B9D5}.Debug|iPhone.Build.0 = Debug|iPhone
		{CE9D2800-C616-4266-BB47-7ACA4FE4B9D5}.Debug|iPhoneSimulator.ActiveCfg = Debug|iPhoneSimulator
		{CE9D2800-C616-4266-BB47-7ACA4FE4B9D5}.Debug|iPhoneSimulator.Build.0 = Debug|iPhoneSimulator
		{CE9D2800-C616-4266-BB47-7ACA4FE4B9D5}.Debug|x64.ActiveCfg = Debug|iPhoneSimulator
		{CE9D2800-C616-4266-BB47-7ACA4FE4B9D5}.Debug|x64.Build.0 = Debug|iPhoneSimulator
		{CE9D2800-C616-4266-BB47-7ACA4FE4B9D5}.Debug|x86.ActiveCfg = Debug|iPhoneSimulator
		{CE9D2800-C616-4266-BB47-7ACA4FE4B9D5}.Debug|x86.Build.0 = Debug|iPhoneSimulator
		{CE9D2800-C616-4266-BB47-7ACA4FE4B9D5}.Release|Any CPU.ActiveCfg = Release|iPhoneSimulator
		{CE9D2800-C616-4266-BB47-7ACA4FE4B9D5}.Release|Any CPU.Build.0 = Release|iPhoneSimulator
		{CE9D2800-C616-4266-BB47-7ACA4FE4B9D5}.Release|ARM.ActiveCfg = Release|iPhoneSimulator
		{CE9D2800-C616-4266-BB47-7ACA4FE4B9D5}.Release|ARM.Build.0 = Release|iPhoneSimulator
		{CE9D2800-C616-4266-BB47-7ACA4FE4B9D5}.Release|iPhone.ActiveCfg = Release|iPhone
		{CE9D2800-C616-4266-BB47-7ACA4FE4B9D5}.Release|iPhone.Build.0 = Release|iPhone
		{CE9D2800-C616-4266-BB47-7ACA4FE4B9D5}.Release|iPhoneSimulator.ActiveCfg = Release|iPhoneSimulator
		{CE9D2800-C616-4266-BB47-7ACA4FE4B9D5}.Release|iPhoneSimulator.Build.0 = Release|iPhoneSimulator
		{CE9D2800-C616-4266-BB47-7ACA4FE4B9D5}.Release|x64.ActiveCfg = Release|iPhoneSimulator
		{CE9D2800-C616-4266-BB47-7ACA4FE4B9D5}.Release|x64.Build.0 = Release|iPhoneSimulator
		{CE9D2800-C616-4266-BB47-7ACA4FE4B9D5}.Release|x86.ActiveCfg = Release|iPhoneSimulator
		{CE9D2800-C616-4266-BB47-7ACA4FE4B9D5}.Release|x86.Build.0 = Release|iPhoneSimulator
		{8ECEC08C-2E37-4957-A395-47FF0FC67062}.Debug|Any CPU.ActiveCfg = Debug|Any CPU
		{8ECEC08C-2E37-4957-A395-47FF0FC67062}.Debug|Any CPU.Build.0 = Debug|Any CPU
		{8ECEC08C-2E37-4957-A395-47FF0FC67062}.Debug|ARM.ActiveCfg = Debug|Any CPU
		{8ECEC08C-2E37-4957-A395-47FF0FC67062}.Debug|ARM.Build.0 = Debug|Any CPU
		{8ECEC08C-2E37-4957-A395-47FF0FC67062}.Debug|iPhone.ActiveCfg = Debug|Any CPU
		{8ECEC08C-2E37-4957-A395-47FF0FC67062}.Debug|iPhone.Build.0 = Debug|Any CPU
		{8ECEC08C-2E37-4957-A395-47FF0FC67062}.Debug|iPhoneSimulator.ActiveCfg = Debug|Any CPU
		{8ECEC08C-2E37-4957-A395-47FF0FC67062}.Debug|iPhoneSimulator.Build.0 = Debug|Any CPU
		{8ECEC08C-2E37-4957-A395-47FF0FC67062}.Debug|x64.ActiveCfg = Debug|Any CPU
		{8ECEC08C-2E37-4957-A395-47FF0FC67062}.Debug|x64.Build.0 = Debug|Any CPU
		{8ECEC08C-2E37-4957-A395-47FF0FC67062}.Debug|x86.ActiveCfg = Debug|Any CPU
		{8ECEC08C-2E37-4957-A395-47FF0FC67062}.Debug|x86.Build.0 = Debug|Any CPU
		{8ECEC08C-2E37-4957-A395-47FF0FC67062}.Release|Any CPU.ActiveCfg = Release|Any CPU
		{8ECEC08C-2E37-4957-A395-47FF0FC67062}.Release|Any CPU.Build.0 = Release|Any CPU
		{8ECEC08C-2E37-4957-A395-47FF0FC67062}.Release|ARM.ActiveCfg = Release|Any CPU
		{8ECEC08C-2E37-4957-A395-47FF0FC67062}.Release|ARM.Build.0 = Release|Any CPU
		{8ECEC08C-2E37-4957-A395-47FF0FC67062}.Release|iPhone.ActiveCfg = Release|Any CPU
		{8ECEC08C-2E37-4957-A395-47FF0FC67062}.Release|iPhone.Build.0 = Release|Any CPU
		{8ECEC08C-2E37-4957-A395-47FF0FC67062}.Release|iPhoneSimulator.ActiveCfg = Release|Any CPU
		{8ECEC08C-2E37-4957-A395-47FF0FC67062}.Release|iPhoneSimulator.Build.0 = Release|Any CPU
		{8ECEC08C-2E37-4957-A395-47FF0FC67062}.Release|x64.ActiveCfg = Release|Any CPU
		{8ECEC08C-2E37-4957-A395-47FF0FC67062}.Release|x64.Build.0 = Release|Any CPU
		{8ECEC08C-2E37-4957-A395-47FF0FC67062}.Release|x86.ActiveCfg = Release|Any CPU
		{8ECEC08C-2E37-4957-A395-47FF0FC67062}.Release|x86.Build.0 = Release|Any CPU
	EndGlobalSection
	GlobalSection(SolutionProperties) = preSolution
		HideSolutionNode = FALSE
	EndGlobalSection
	GlobalSection(ExtensibilityGlobals) = postSolution
		SolutionGuid = {11B0F012-6F1F-4B52-B7D4-210E46A595DE}
	EndGlobalSection
EndGlobal
